
Microsoft Visual Studio Solution File, Format Version 12.00
# Visual Studio Version 17
VisualStudioVersion = 17.4.33103.184
MinimumVisualStudioVersion = 10.0.40219.1
Project("{8BC9CEB8-8B4A-11D0-8D11-00A0C91BC942}") = "ConsoleApplication1", "ConsoleApplication1\ConsoleApplication1.vcxproj", "{D1F34DFD-1F81-4E5D-81C3-2F27BF8DB62B}"
EndProject
Project("{8BC9CEB8-8B4A-11D0-8D11-00A0C91BC942}") = "ConsoleApplication2", "ConsoleApplication2\ConsoleApplication2.vcxproj", "{A399AAF4-5BFE-48CE-BB5D-59922084F700}"
EndProject
Global
	GlobalSection(SolutionConfigurationPlatforms) = preSolution
		Debug|x64 = Debug|x64
		Debug|x86 = Debug|x86
		Release|x64 = Release|x64
		Release|x86 = Release|x86
	EndGlobalSection
	GlobalSection(ProjectConfigurationPlatforms) = postSolution
		{D1F34DFD-1F81-4E5D-81C3-2F27BF8DB62B}.Debug|x64.ActiveCfg = Debug|x64
		{D1F34DFD-1F81-4E5D-81C3-2F27BF8DB62B}.Debug|x64.Build.0 = Debug|x64
		{D1F34DFD-1F81-4E5D-81C3-2F27BF8DB62B}.Debug|x86.ActiveCfg = Debug|Win32
		{D1F34DFD-1F81-4E5D-81C3-2F27BF8DB62B}.Debug|x86.Build.0 = Debug|Win32
		{D1F34DFD-1F81-4E5D-81C3-2F27BF8DB62B}.Release|x64.ActiveCfg = Release|x64
		{D1F34DFD-1F81-4E5D-81C3-2F27BF8DB62B}.Release|x64.Build.0 = Release|x64
		{D1F34DFD-1F81-4E5D-81C3-2F27BF8DB62B}.Release|x86.ActiveCfg = Release|Win32
		{D1F34DFD-1F81-4E5D-81C3-2F27BF8DB62B}.Release|x86.Build.0 = Release|Win32
		{A399AAF4-5BFE-48CE-BB5D-59922084F700}.Debug|x64.ActiveCfg = Debug|x64
		{A399AAF4-5BFE-48CE-BB5D-59922084F700}.Debug|x64.Build.0 = Debug|x64
		{A399AAF4-5BFE-48CE-BB5D-59922084F700}.Debug|x86.ActiveCfg = Debug|Win32
		{A399AAF4-5BFE-48CE-BB5D-59922084F700}.Debug|x86.Build.0 = Debug|Win32
		{A399AAF4-5BFE-48CE-BB5D-59922084F700}.Release|x64.ActiveCfg = Release|x64
		{A399AAF4-5BFE-48CE-BB5D-59922084F700}.Release|x64.Build.0 = Release|x64
		{A399AAF4-5BFE-48CE-BB5D-59922084F700}.Release|x86.ActiveCfg = Release|Win32
		{A399AAF4-5BFE-48CE-BB5D-59922084F700}.Release|x86.Build.0 = Release|Win32
	EndGlobalSection
	GlobalSection(SolutionProperties) = preSolution
		HideSolutionNode = FALSE
	EndGlobalSection
	GlobalSection(ExtensibilityGlobals) = postSolution
		SolutionGuid = {3D51F253-5FA9-49E2-AA4D-D5DE4516B92B}
	EndGlobalSection
EndGlobal
